{
  "nodes": {
    "agent-config": {
      "flake": false,
      "locked": {
        "lastModified": 1774461170,
        "narHash": "sha256-yY6xBsrC/0HPp/6bk0h+sQFE2zqXfcLxuGA18Y+9dd0=",
        "owner": "brianlovin",
        "repo": "agent-config",
        "rev": "1a9819ebf3fee811150fc76cbe177ea4e5f747ff",
        "type": "github"
      },
      "original": {
        "owner": "brianlovin",
        "repo": "agent-config",
        "type": "github"
      }
    },
    "anthropic-skills": {
      "flake": false,
      "locked": {
        "lastModified": 1779199866,
        "narHash": "sha256-GMXFJSePrpEvhzMQ82YI9Z10BDkuFK/lXUDELclvQ4c=",
        "owner": "anthropics",
        "repo": "skills",
        "rev": "690f15cac7f7b4c055c5ab109c79ed9259934081",
        "type": "github"
      },
      "original": {
        "owner": "anthropics",
        "repo": "skills",
        "type": "github"
      }
    },
    "claude-subagents": {
      "flake": false,
      "locked": {
        "lastModified": 1779878740,
        "narHash": "sha256-ywObyscvl+/hnZMGJvWnqebS5gHBICMbMl4OabY10ys=",
        "owner": "VoltAgent",
        "repo": "awesome-claude-code-subagents",
        "rev": "2f9cf8b9562dcc235cc2296bda6df82d60e800be",
        "type": "github"
      },
      "original": {
        "owner": "VoltAgent",
        "repo": "awesome-claude-code-subagents",
        "type": "github"
      }
    },
    "mattpocock-skills": {
      "flake": false,
      "locked": {
        "lastModified": 1784192592,
        "narHash": "sha256-S6pARK99oGGSi6XdFm6zYKHT4gjOCN0wIPZFcl1hREE=",
        "owner": "mattpocock",
        "repo": "skills",
        "rev": "9603c1cc8118d08bc1b3bf34cf714f62178dea3b",
        "type": "github"
      },
      "original": {
        "owner": "mattpocock",
        "repo": "skills",
        "type": "github"
      }
    },
    "root": {
      "inputs": {
        "agent-config": "agent-config",
        "anthropic-skills": "anthropic-skills",
        "claude-subagents": "claude-subagents",
        "mattpocock-skills": "mattpocock-skills",
        "superpowers": "superpowers"
      }
    },
    "superpowers": {
      "flake": false,
      "locked": {
        "lastModified": 1777932301,
        "narHash": "sha256-3E3rO6hR87JUfS3XV1Eaoz6SDWOftleWvN9UPNFEMjw=",
        "owner": "obra",
        "repo": "superpowers",
        "rev": "f2cbfbefebbfef77321e4c9abc9e949826bea9d7",
        "type": "github"
      },
      "original": {
        "owner": "obra",
        "repo": "superpowers",
        "type": "github"
      }
    }
  },
  "root": "root",
  "version": 7
}
