{
  "nodes": {
    "agent-skills": {
      "flake": false,
      "locked": {
        "lastModified": 1773876631,
        "narHash": "sha256-xbGSzNWhCEjKguHBHrNfakWrDbLZiT4GZBLoq2Dn17A=",
        "owner": "vercel-labs",
        "repo": "agent-skills",
        "rev": "9aec8ee6aaf702e49312a071e672f1c1b7b7e948",
        "type": "github"
      },
      "original": {
        "owner": "vercel-labs",
        "repo": "agent-skills",
        "type": "github"
      }
    },
    "anthropic-skills": {
      "flake": false,
      "locked": {
        "lastModified": 1772827583,
        "narHash": "sha256-GzNpraXV85qUwyGs5XDe0zHYr2AazqFppWtH9JvO3QE=",
        "owner": "anthropics",
        "repo": "skills",
        "rev": "b0cbd3df1533b396d281a6886d5132f623393a9c",
        "type": "github"
      },
      "original": {
        "owner": "anthropics",
        "repo": "skills",
        "type": "github"
      }
    },
    "awesome-claude-skills": {
      "flake": false,
      "locked": {
        "lastModified": 1771482105,
        "narHash": "sha256-WBKY3u01O4InYR639U8VDxx+r55elDTEUY8hpsIP5uY=",
        "owner": "ComposioHQ",
        "repo": "awesome-claude-skills",
        "rev": "27904475d1270d8395acf07691966267d5abda2d",
        "type": "github"
      },
      "original": {
        "owner": "ComposioHQ",
        "repo": "awesome-claude-skills",
        "type": "github"
      }
    },
    "claude-subagents": {
      "flake": false,
      "locked": {
        "lastModified": 1773908143,
        "narHash": "sha256-DDvXr3NBu3ut0edtE1IUM2gbNo+nce+kG/CkHkzMLyg=",
        "owner": "VoltAgent",
        "repo": "awesome-claude-code-subagents",
        "rev": "b8d6c58359dc8dcab9c986bdbc4f8b1dbad90b46",
        "type": "github"
      },
      "original": {
        "owner": "VoltAgent",
        "repo": "awesome-claude-code-subagents",
        "type": "github"
      }
    },
    "mhattingpete-skills": {
      "flake": false,
      "locked": {
        "lastModified": 1772792028,
        "narHash": "sha256-l3mkZfCOwWPxKh9c8EbZzG0tZLOmfdtpaTlA0FsVu6k=",
        "owner": "mhattingpete",
        "repo": "claude-skills-marketplace",
        "rev": "3fa16a94e0aba3509e4d4b318ca175d3191b5b7d",
        "type": "github"
      },
      "original": {
        "owner": "mhattingpete",
        "repo": "claude-skills-marketplace",
        "type": "github"
      }
    },
    "neolab-context-kit": {
      "flake": false,
      "locked": {
        "lastModified": 1774139230,
        "narHash": "sha256-OAKrtctIvIBcf5HXYGDuyMCMp1lbrj6Rd4O3U69q+JY=",
        "owner": "NeoLabHQ",
        "repo": "context-engineering-kit",
        "rev": "d2bb7a8f1d50557aeca48da8a4371cd69d697c80",
        "type": "github"
      },
      "original": {
        "owner": "NeoLabHQ",
        "repo": "context-engineering-kit",
        "type": "github"
      }
    },
    "root": {
      "inputs": {
        "agent-skills": "agent-skills",
        "anthropic-skills": "anthropic-skills",
        "awesome-claude-skills": "awesome-claude-skills",
        "claude-subagents": "claude-subagents",
        "mhattingpete-skills": "mhattingpete-skills",
        "neolab-context-kit": "neolab-context-kit",
        "superpowers": "superpowers"
      }
    },
    "superpowers": {
      "flake": false,
      "locked": {
        "lastModified": 1773951977,
        "narHash": "sha256-wmOArGgOahJK/mqzYJZW6qcUNaOB6yL57RQMe56S1uw=",
        "owner": "obra",
        "repo": "superpowers",
        "rev": "8ea39819eed74fe2a0338e71789f06b30e953041",
        "type": "github"
      },
      "original": {
        "owner": "obra",
        "repo": "superpowers",
        "type": "github"
      }
    }
  },
  "root": "root",
  "version": 7
}
