{
  "nodes": {
    "agent-skills": {
      "flake": false,
      "locked": {
        "lastModified": 1769196412,
        "narHash": "sha256-WUzBSN6ZwcDOMO2LAipHrv81ZT6gpk8l3LaSmB687qk=",
        "owner": "vercel-labs",
        "repo": "agent-skills",
        "rev": "c4399b192588e71fdf0cb507c7b6ad9e9657ce6b",
        "type": "github"
      },
      "original": {
        "owner": "vercel-labs",
        "repo": "agent-skills",
        "type": "github"
      }
    },
    "anthropic-skills": {
      "flake": false,
      "locked": {
        "lastModified": 1766254184,
        "narHash": "sha256-pllFZoWRdtLliz/5pLWks0V9nKFMzeWoRcmFgu2UWi8=",
        "owner": "anthropics",
        "repo": "skills",
        "rev": "69c0b1a0674149f27b61b2635f935524b6add202",
        "type": "github"
      },
      "original": {
        "owner": "anthropics",
        "repo": "skills",
        "type": "github"
      }
    },
    "awesome-claude-skills": {
      "flake": false,
      "locked": {
        "lastModified": 1769307446,
        "narHash": "sha256-tSEO0h9J3lPVePFoy7A7c1K6umNNE/21/2RbaJD4Abc=",
        "owner": "ComposioHQ",
        "repo": "awesome-claude-skills",
        "rev": "362d35428562ad05d1faa1767abaf39d6e3a8e7a",
        "type": "github"
      },
      "original": {
        "owner": "ComposioHQ",
        "repo": "awesome-claude-skills",
        "type": "github"
      }
    },
    "claude-subagents": {
      "flake": false,
      "locked": {
        "lastModified": 1768422796,
        "narHash": "sha256-VX0Ee2d9Vj1EmS8BKp0+unfrTuLDEwu4WzTOhPqlDAY=",
        "owner": "VoltAgent",
        "repo": "awesome-claude-code-subagents",
        "rev": "4462fb6a32f89aa86e86aefff7adcc3c9ce8dfa0",
        "type": "github"
      },
      "original": {
        "owner": "VoltAgent",
        "repo": "awesome-claude-code-subagents",
        "type": "github"
      }
    },
    "mhattingpete-skills": {
      "flake": false,
      "locked": {
        "lastModified": 1768489544,
        "narHash": "sha256-NHVP8u5XVKrLeYe8F6oKeggIUDBoWITAxlIwGrZ1nNk=",
        "owner": "mhattingpete",
        "repo": "claude-skills-marketplace",
        "rev": "004b0ece6e4b207a18c81d9e641eb2c29521a258",
        "type": "github"
      },
      "original": {
        "owner": "mhattingpete",
        "repo": "claude-skills-marketplace",
        "type": "github"
      }
    },
    "neolab-context-kit": {
      "flake": false,
      "locked": {
        "lastModified": 1768599486,
        "narHash": "sha256-1YqJrO+VZyzicg5AK2IKvuHSF/kqBw7u9OYN8R9jK5o=",
        "owner": "NeoLabHQ",
        "repo": "context-engineering-kit",
        "rev": "8254bb3cf33cd63699235d382a67e7b67df6073a",
        "type": "github"
      },
      "original": {
        "owner": "NeoLabHQ",
        "repo": "context-engineering-kit",
        "type": "github"
      }
    },
    "root": {
      "inputs": {
        "agent-skills": "agent-skills",
        "anthropic-skills": "anthropic-skills",
        "awesome-claude-skills": "awesome-claude-skills",
        "claude-subagents": "claude-subagents",
        "mhattingpete-skills": "mhattingpete-skills",
        "neolab-context-kit": "neolab-context-kit",
        "superpowers": "superpowers"
      }
    },
    "superpowers": {
      "flake": false,
      "locked": {
        "lastModified": 1769198953,
        "narHash": "sha256-qccVXJuYR4HCHKmcozFxmWtvP4SK7tbVrnoNIpUB/6g=",
        "owner": "obra",
        "repo": "superpowers",
        "rev": "469a6d81ebb8b827e284d4afb090c6c622d97747",
        "type": "github"
      },
      "original": {
        "owner": "obra",
        "repo": "superpowers",
        "type": "github"
      }
    }
  },
  "root": "root",
  "version": 7
}
